
Microsoft Visual Studio Solution File, Format Version 12.00
# Visual Studio Version 16
VisualStudioVersion = 16.0.31005.135
MinimumVisualStudioVersion = 10.0.40219.1
Project("{9A19103F-16F7-4668-BE54-9A1E7A4F7556}") = "AlinSpace.FluentImages", "AlinSpace.FluentImages\AlinSpace.FluentImages.csproj", "{531DDF39-E1E2-4514-A3BE-563073B3A249}"
EndProject
Project("{9A19103F-16F7-4668-BE54-9A1E7A4F7556}") = "AlinSpace.FluentImages.SkiaSharp", "AlinSpace.FluentImages.SkiaSharp\AlinSpace.FluentImages.SkiaSharp.csproj", "{8A113B91-3C9C-4207-88B3-C2D69791ABF0}"
EndProject
Project("{9A19103F-16F7-4668-BE54-9A1E7A4F7556}") = "AlinSpace.FluentImages.Tests", "AlinSpace.FluentImages.Tests\AlinSpace.FluentImages.Tests.csproj", "{8BC0980A-6715-4EDD-A8F9-5FEE9C054777}"
EndProject
Global
	GlobalSection(SolutionConfigurationPlatforms) = preSolution
		Debug|Any CPU = Debug|Any CPU
		Release|Any CPU = Release|Any CPU
	EndGlobalSection
	GlobalSection(ProjectConfigurationPlatforms) = postSolution
		{531DDF39-E1E2-4514-A3BE-563073B3A249}.Debug|Any CPU.ActiveCfg = Debug|Any CPU
		{531DDF39-E1E2-4514-A3BE-563073B3A249}.Debug|Any CPU.Build.0 = Debug|Any CPU
		{531DDF39-E1E2-4514-A3BE-563073B3A249}.Release|Any CPU.ActiveCfg = Release|Any CPU
		{531DDF39-E1E2-4514-A3BE-563073B3A249}.Release|Any CPU.Build.0 = Release|Any CPU
		{8A113B91-3C9C-4207-88B3-C2D69791ABF0}.Debug|Any CPU.ActiveCfg = Debug|Any CPU
		{8A113B91-3C9C-4207-88B3-C2D69791ABF0}.Debug|Any CPU.Build.0 = Debug|Any CPU
		{8A113B91-3C9C-4207-88B3-C2D69791ABF0}.Release|Any CPU.ActiveCfg = Release|Any CPU
		{8A113B91-3C9C-4207-88B3-C2D69791ABF0}.Release|Any CPU.Build.0 = Release|Any CPU
		{8BC0980A-6715-4EDD-A8F9-5FEE9C054777}.Debug|Any CPU.ActiveCfg = Debug|Any CPU
		{8BC0980A-6715-4EDD-A8F9-5FEE9C054777}.Debug|Any CPU.Build.0 = Debug|Any CPU
		{8BC0980A-6715-4EDD-A8F9-5FEE9C054777}.Release|Any CPU.ActiveCfg = Release|Any CPU
		{8BC0980A-6715-4EDD-A8F9-5FEE9C054777}.Release|Any CPU.Build.0 = Release|Any CPU
	EndGlobalSection
	GlobalSection(SolutionProperties) = preSolution
		HideSolutionNode = FALSE
	EndGlobalSection
	GlobalSection(ExtensibilityGlobals) = postSolution
		SolutionGuid = {4B0BD2CC-A1AC-4193-847C-B25ADA02E954}
	EndGlobalSection
EndGlobal
